// !$*UTF8*$!
{
	archiveVersion = 1;
	classes = {
	};
	objectVersion = 56;
	objects = {

/* Begin PBXBuildFile section */
		1391DC4D2B74302500B754CF /* FoodRecipeApp.swift in Sources */ = {isa = PBXBuildFile; fileRef = 1391DC4C2B74302500B754CF /* FoodRecipeApp.swift */; };
		1391DC512B74302600B754CF /* Assets.xcassets in Resources */ = {isa = PBXBuildFile; fileRef = 1391DC502B74302600B754CF /* Assets.xcassets */; };
		1391DC542B74302600B754CF /* Preview Assets.xcassets in Resources */ = {isa = PBXBuildFile; fileRef = 1391DC532B74302600B754CF /* Preview Assets.xcassets */; };
		1391DC5E2B743C2D00B754CF /* Recipe.swift in Sources */ = {isa = PBXBuildFile; fileRef = 1391DC5D2B743C2D00B754CF /* Recipe.swift */; };
		1391DC612B743C5300B754CF /* RecipeFinderViewModel.swift in Sources */ = {isa = PBXBuildFile; fileRef = 1391DC602B743C5300B754CF /* RecipeFinderViewModel.swift */; };
		1391DC632B743CAB00B754CF /* ContentView.swift in Sources */ = {isa = PBXBuildFile; fileRef = 1391DC622B743CAB00B754CF /* ContentView.swift */; };
		1391DC652B743CBA00B754CF /* RecipesView.swift in Sources */ = {isa = PBXBuildFile; fileRef = 1391DC642B743CBA00B754CF /* RecipesView.swift */; };
		1391DC672B743CD800B754CF /* LoadingView.swift in Sources */ = {isa = PBXBuildFile; fileRef = 1391DC662B743CD800B754CF /* LoadingView.swift */; };
		1391DC692B743D0B00B754CF /* IngredientSelectionView.swift in Sources */ = {isa = PBXBuildFile; fileRef = 1391DC682B743D0B00B754CF /* IngredientSelectionView.swift */; };
		1391DC6B2B7440F100B754CF /* MultipleSelectionRowView.swift in Sources */ = {isa = PBXBuildFile; fileRef = 1391DC6A2B7440F100B754CF /* MultipleSelectionRowView.swift */; };
/* End PBXBuildFile section */

/* Begin PBXFileReference section */
		1391DC492B74302500B754CF /* FoodRecipe.app */ = {isa = PBXFileReference; explicitFileType = wrapper.application; includeInIndex = 0; path = FoodRecipe.app; sourceTree = BUILT_PRODUCTS_DIR; };
		1391DC4C2B74302500B754CF /* FoodRecipeApp.swift */ = {isa = PBXFileReference; lastKnownFileType = sourcecode.swift; path = FoodRecipeApp.swift; sourceTree = "<group>"; };
		1391DC502B74302600B754CF /* Assets.xcassets */ = {isa = PBXFileReference; lastKnownFileType = folder.assetcatalog; path = Assets.xcassets; sourceTree = "<group>"; };
		1391DC532B74302600B754CF /* Preview Assets.xcassets */ = {isa = PBXFileReference; lastKnownFileType = folder.assetcatalog; path = "Preview Assets.xcassets"; sourceTree = "<group>"; };
		1391DC5D2B743C2D00B754CF /* Recipe.swift */ = {isa = PBXFileReference; lastKnownFileType = sourcecode.swift; path = Recipe.swift; sourceTree = "<group>"; };
		1391DC602B743C5300B754CF /* RecipeFinderViewModel.swift */ = {isa = PBXFileReference; lastKnownFileType = sourcecode.swift; path = RecipeFinderViewModel.swift; sourceTree = "<group>"; };
		1391DC622B743CAB00B754CF /* ContentView.swift */ = {isa = PBXFileReference; lastKnownFileType = sourcecode.swift; path = ContentView.swift; sourceTree = "<group>"; };
		1391DC642B743CBA00B754CF /* RecipesView.swift */ = {isa = PBXFileReference; lastKnownFileType = sourcecode.swift; path = RecipesView.swift; sourceTree = "<group>"; };
		1391DC662B743CD800B754CF /* LoadingView.swift */ = {isa = PBXFileReference; lastKnownFileType = sourcecode.swift; path = LoadingView.swift; sourceTree = "<group>"; };
		1391DC682B743D0B00B754CF /* IngredientSelectionView.swift */ = {isa = PBXFileReference; lastKnownFileType = sourcecode.swift; path = IngredientSelectionView.swift; sourceTree = "<group>"; };
		1391DC6A2B7440F100B754CF /* MultipleSelectionRowView.swift */ = {isa = PBXFileReference; lastKnownFileType = sourcecode.swift; path = MultipleSelectionRowView.swift; sourceTree = "<group>"; };
/* End PBXFileReference section */

/* Begin PBXFrameworksBuildPhase section */
		1391DC462B74302500B754CF /* Frameworks */ = {
			isa = PBXFrameworksBuildPhase;
			buildActionMask = 2147483647;
			files = (
			);
			runOnlyForDeploymentPostprocessing = 0;
		};
/* End PBXFrameworksBuildPhase section */

/* Begin PBXGroup section */
		1391DC402B74302500B754CF = {
			isa = PBXGroup;
			children = (
				1391DC4B2B74302500B754CF /* FoodRecipe */,
				1391DC4A2B74302500B754CF /* Products */,
			);
			sourceTree = "<group>";
		};
		1391DC4A2B74302500B754CF /* Products */ = {
			isa = PBXGroup;
			children = (
				1391DC492B74302500B754CF /* FoodRecipe.app */,
			);
			name = Products;
			sourceTree = "<group>";
		};
		1391DC4B2B74302500B754CF /* FoodRecipe */ = {
			isa = PBXGroup;
			children = (
				1391DC5A2B74308300B754CF /* App */,
				1391DC5B2B74308B00B754CF /* View */,
				1391DC5C2B74309000B754CF /* Model */,
				1391DC5F2B743C3E00B754CF /* ViewModel */,
				1391DC502B74302600B754CF /* Assets.xcassets */,
				1391DC522B74302600B754CF /* Preview Content */,
			);
			path = FoodRecipe;
			sourceTree = "<group>";
		};
		1391DC522B74302600B754CF /* Preview Content */ = {
			isa = PBXGroup;
			children = (
				1391DC532B74302600B754CF /* Preview Assets.xcassets */,
			);
			path = "Preview Content";
			sourceTree = "<group>";
		};
		1391DC5A2B74308300B754CF /* App */ = {
			isa = PBXGroup;
			children = (
				1391DC4C2B74302500B754CF /* FoodRecipeApp.swift */,
			);
			path = App;
			sourceTree = "<group>";
		};
		1391DC5B2B74308B00B754CF /* View */ = {
			isa = PBXGroup;
			children = (
				1391DC622B743CAB00B754CF /* ContentView.swift */,
				1391DC642B743CBA00B754CF /* RecipesView.swift */,
				1391DC662B743CD800B754CF /* LoadingView.swift */,
				1391DC6A2B7440F100B754CF /* MultipleSelectionRowView.swift */,
				1391DC682B743D0B00B754CF /* IngredientSelectionView.swift */,
			);
			path = View;
			sourceTree = "<group>";
		};
		1391DC5C2B74309000B754CF /* Model */ = {
			isa = PBXGroup;
			children = (
				1391DC5D2B743C2D00B754CF /* Recipe.swift */,
			);
			path = Model;
			sourceTree = "<group>";
		};
		1391DC5F2B743C3E00B754CF /* ViewModel */ = {
			isa = PBXGroup;
			children = (
				1391DC602B743C5300B754CF /* RecipeFinderViewModel.swift */,
			);
			path = ViewModel;
			sourceTree = "<group>";
		};
/* End PBXGroup section */

/* Begin PBXNativeTarget section */
		1391DC482B74302500B754CF /* FoodRecipe */ = {
			isa = PBXNativeTarget;
			buildConfigurationList = 1391DC572B74302600B754CF /* Build configuration list for PBXNativeTarget "FoodRecipe" */;
			buildPhases = (
				1391DC452B74302500B754CF /* Sources */,
				1391DC462B74302500B754CF /* Frameworks */,
				1391DC472B74302500B754CF /* Resources */,
			);
			buildRules = (
			);
			dependencies = (
			);
			name = FoodRecipe;
			productName = FoodRecipe;
			productReference = 1391DC492B74302500B754CF /* FoodRecipe.app */;
			productType = "com.apple.product-type.application";
		};
/* End PBXNativeTarget section */

/* Begin PBXProject section */
		1391DC412B74302500B754CF /* Project object */ = {
			isa = PBXProject;
			attributes = {
				BuildIndependentTargetsInParallel = 1;
				LastSwiftUpdateCheck = 1520;
				LastUpgradeCheck = 1520;
				TargetAttributes = {
					1391DC482B74302500B754CF = {
						CreatedOnToolsVersion = 15.2;
					};
				};
			};
			buildConfigurationList = 1391DC442B74302500B754CF /* Build configuration list for PBXProject "FoodRecipe" */;
			compatibilityVersion = "Xcode 14.0";
			developmentRegion = en;
			hasScannedForEncodings = 0;
			knownRegions = (
				en,
				Base,
			);
			mainGroup = 1391DC402B74302500B754CF;
			productRefGroup = 1391DC4A2B74302500B754CF /* Products */;
			projectDirPath = "";
			projectRoot = "";
			targets = (
				1391DC482B74302500B754CF /* FoodRecipe */,
			);
		};
/* End PBXProject section */

/* Begin PBXResourcesBuildPhase section */
		1391DC472B74302500B754CF /* Resources */ = {
			isa = PBXResourcesBuildPhase;
			buildActionMask = 2147483647;
			files = (
				1391DC542B74302600B754CF /* Preview Assets.xcassets in Resources */,
				1391DC512B74302600B754CF /* Assets.xcassets in Resources */,
			);
			runOnlyForDeploymentPostprocessing = 0;
		};
/* End PBXResourcesBuildPhase section */

/* Begin PBXSourcesBuildPhase section */
		1391DC452B74302500B754CF /* Sources */ = {
			isa = PBXSourcesBuildPhase;
			buildActionMask = 2147483647;
			files = (
				1391DC5E2B743C2D00B754CF /* Recipe.swift in Sources */,
				1391DC632B743CAB00B754CF /* ContentView.swift in Sources */,
				1391DC692B743D0B00B754CF /* IngredientSelectionView.swift in Sources */,
				1391DC612B743C5300B754CF /* RecipeFinderViewModel.swift in Sources */,
				1391DC652B743CBA00B754CF /* RecipesView.swift in Sources */,
				1391DC672B743CD800B754CF /* LoadingView.swift in Sources */,
				1391DC4D2B74302500B754CF /* FoodRecipeApp.swift in Sources */,
				1391DC6B2B7440F100B754CF /* MultipleSelectionRowView.swift in Sources */,
			);
			runOnlyForDeploymentPostprocessing = 0;
		};
/* End PBXSourcesBuildPhase section */

/* Begin XCBuildConfiguration section */
		1391DC552B74302600B754CF /* Debug */ = {
			isa = XCBuildConfiguration;
			buildSettings = {
				ALWAYS_SEARCH_USER_PATHS = NO;
				ASSETCATALOG_COMPILER_GENERATE_SWIFT_ASSET_SYMBOL_EXTENSIONS = YES;
				CLANG_ANALYZER_NONNULL = YES;
				CLANG_ANALYZER_NUMBER_OBJECT_CONVERSION = YES_AGGRESSIVE;
				CLANG_CXX_LANGUAGE_STANDARD = "gnu++20";
				CLANG_ENABLE_MODULES = YES;
				CLANG_ENABLE_OBJC_ARC = YES;
				CLANG_ENABLE_OBJC_WEAK = YES;
				CLANG_WARN_BLOCK_CAPTURE_AUTORELEASING = YES;
				CLANG_WARN_BOOL_CONVERSION = YES;
				CLANG_WARN_COMMA = YES;
				CLANG_WARN_CONSTANT_CONVERSION = YES;
				CLANG_WARN_DEPRECATED_OBJC_IMPLEMENTATIONS = YES;
				CLANG_WARN_DIRECT_OBJC_ISA_USAGE = YES_ERROR;
				CLANG_WARN_DOCUMENTATION_COMMENTS = YES;
				CLANG_WARN_EMPTY_BODY = YES;
				CLANG_WARN_ENUM_CONVERSION = YES;
				CLANG_WARN_INFINITE_RECURSION = YES;
				CLANG_WARN_INT_CONVERSION = YES;
				CLANG_WARN_NON_LITERAL_NULL_CONVERSION = YES;
				CLANG_WARN_OBJC_IMPLICIT_RETAIN_SELF = YES;
				CLANG_WARN_OBJC_LITERAL_CONVERSION = YES;
				CLANG_WARN_OBJC_ROOT_CLASS = YES_ERROR;
				CLANG_WARN_QUOTED_INCLUDE_IN_FRAMEWORK_HEADER = YES;
				CLANG_WARN_RANGE_LOOP_ANALYSIS = YES;
				CLANG_WARN_STRICT_PROTOTYPES = YES;
				CLANG_WARN_SUSPICIOUS_MOVE = YES;
				CLANG_WARN_UNGUARDED_AVAILABILITY = YES_AGGRESSIVE;
				CLANG_WARN_UNREACHABLE_CODE = YES;
				CLANG_WARN__DUPLICATE_METHOD_MATCH = YES;
				COPY_PHASE_STRIP = NO;
				DEBUG_INFORMATION_FORMAT = dwarf;
				ENABLE_STRICT_OBJC_MSGSEND = YES;
				ENABLE_TESTABILITY = YES;
				ENABLE_USER_SCRIPT_SANDBOXING = YES;
				GCC_C_LANGUAGE_STANDARD = gnu17;
				GCC_DYNAMIC_NO_PIC = NO;
				GCC_NO_COMMON_BLOCKS = YES;
				GCC_OPTIMIZATION_LEVEL = 0;
				GCC_PREPROCESSOR_DEFINITIONS = (
					"DEBUG=1",
					"$(inherited)",
				);
				GCC_WARN_64_TO_32_BIT_CONVERSION = YES;
				GCC_WARN_ABOUT_RETURN_TYPE = YES_ERROR;
				GCC_WARN_UNDECLARED_SELECTOR = YES;
				GCC_WARN_UNINITIALIZED_AUTOS = YES_AGGRESSIVE;
				GCC_WARN_UNUSED_FUNCTION = YES;
				GCC_WARN_UNUSED_VARIABLE = YES;
				IPHONEOS_DEPLOYMENT_TARGET = 17.2;
				LOCALIZATION_PREFERS_STRING_CATALOGS = YES;
				MTL_ENABLE_DEBUG_INFO = INCLUDE_SOURCE;
				MTL_FAST_MATH = YES;
				ONLY_ACTIVE_ARCH = YES;
				SDKROOT = iphoneos;
				SWIFT_ACTIVE_COMPILATION_CONDITIONS = "DEBUG $(inherited)";
				SWIFT_OPTIMIZATION_LEVEL = "-Onone";
			};
			name = Debug;
		};
		1391DC562B74302600B754CF /* Release */ = {
			isa = XCBuildConfiguration;
			buildSettings = {
				ALWAYS_SEARCH_USER_PATHS = NO;
				ASSETCATALOG_COMPILER_GENERATE_SWIFT_ASSET_SYMBOL_EXTENSIONS = YES;
				CLANG_ANALYZER_NONNULL = YES;
				CLANG_ANALYZER_NUMBER_OBJECT_CONVERSION = YES_AGGRESSIVE;
				CLANG_CXX_LANGUAGE_STANDARD = "gnu++20";
				CLANG_ENABLE_MODULES = YES;
				CLANG_ENABLE_OBJC_ARC = YES;
				CLANG_ENABLE_OBJC_WEAK = YES;
				CLANG_WARN_BLOCK_CAPTURE_AUTORELEASING = YES;
				CLANG_WARN_BOOL_CONVERSION = YES;
				CLANG_WARN_COMMA = YES;
				CLANG_WARN_CONSTANT_CONVERSION = YES;
				CLANG_WARN_DEPRECATED_OBJC_IMPLEMENTATIONS = YES;
				CLANG_WARN_DIRECT_OBJC_ISA_USAGE = YES_ERROR;
				CLANG_WARN_DOCUMENTATION_COMMENTS = YES;
				CLANG_WARN_EMPTY_BODY = YES;
				CLANG_WARN_ENUM_CONVERSION = YES;
				CLANG_WARN_INFINITE_RECURSION = YES;
				CLANG_WARN_INT_CONVERSION = YES;
				CLANG_WARN_NON_LITERAL_NULL_CONVERSION = YES;
				CLANG_WARN_OBJC_IMPLICIT_RETAIN_SELF = YES;
				CLANG_WARN_OBJC_LITERAL_CONVERSION = YES;
				CLANG_WARN_OBJC_ROOT_CLASS = YES_ERROR;
				CLANG_WARN_QUOTED_INCLUDE_IN_FRAMEWORK_HEADER = YES;
				CLANG_WARN_RANGE_LOOP_ANALYSIS = YES;
				CLANG_WARN_STRICT_PROTOTYPES = YES;
				CLANG_WARN_SUSPICIOUS_MOVE = YES;
				CLANG_WARN_UNGUARDED_AVAILABILITY = YES_AGGRESSIVE;
				CLANG_WARN_UNREACHABLE_CODE = YES;
				CLANG_WARN__DUPLICATE_METHOD_MATCH = YES;
				COPY_PHASE_STRIP = NO;
				DEBUG_INFORMATION_FORMAT = "dwarf-with-dsym";
				ENABLE_NS_ASSERTIONS = NO;
				ENABLE_STRICT_OBJC_MSGSEND = YES;
				ENABLE_USER_SCRIPT_SANDBOXING = YES;
				GCC_C_LANGUAGE_STANDARD = gnu17;
				GCC_NO_COMMON_BLOCKS = YES;
				GCC_WARN_64_TO_32_BIT_CONVERSION = YES;
				GCC_WARN_ABOUT_RETURN_TYPE = YES_ERROR;
				GCC_WARN_UNDECLARED_SELECTOR = YES;
				GCC_WARN_UNINITIALIZED_AUTOS = YES_AGGRESSIVE;
				GCC_WARN_UNUSED_FUNCTION = YES;
				GCC_WARN_UNUSED_VARIABLE = YES;
				IPHONEOS_DEPLOYMENT_TARGET = 17.2;
				LOCALIZATION_PREFERS_STRING_CATALOGS = YES;
				MTL_ENABLE_DEBUG_INFO = NO;
				MTL_FAST_MATH = YES;
				SDKROOT = iphoneos;
				SWIFT_COMPILATION_MODE = wholemodule;
				VALIDATE_PRODUCT = YES;
			};
			name = Release;
		};
		1391DC582B74302600B754CF /* Debug */ = {
			isa = XCBuildConfiguration;
			buildSettings = {
				ASSETCATALOG_COMPILER_APPICON_NAME = AppIcon;
				ASSETCATALOG_COMPILER_GLOBAL_ACCENT_COLOR_NAME = AccentColor;
				CODE_SIGN_IDENTITY = "Apple Development";
				CODE_SIGN_STYLE = Automatic;
				CURRENT_PROJECT_VERSION = 1;
				DEVELOPMENT_ASSET_PATHS = "\"FoodRecipe/Preview Content\"";
				DEVELOPMENT_TEAM = GZNL9S6FG9;
				ENABLE_PREVIEWS = YES;
				GENERATE_INFOPLIST_FILE = YES;
				INFOPLIST_KEY_UIApplicationSceneManifest_Generation = YES;
				INFOPLIST_KEY_UIApplicationSupportsIndirectInputEvents = YES;
				INFOPLIST_KEY_UILaunchScreen_Generation = YES;
				INFOPLIST_KEY_UISupportedInterfaceOrientations_iPad = "UIInterfaceOrientationPortrait UIInterfaceOrientationPortraitUpsideDown UIInterfaceOrientationLandscapeLeft UIInterfaceOrientationLandscapeRight";
				INFOPLIST_KEY_UISupportedInterfaceOrientations_iPhone = "UIInterfaceOrientationPortrait UIInterfaceOrientationLandscapeLeft UIInterfaceOrientationLandscapeRight";
				LD_RUNPATH_SEARCH_PATHS = (
					"$(inherited)",
					"@executable_path/Frameworks",
				);
				MARKETING_VERSION = 1.0;
				PRODUCT_BUNDLE_IDENTIFIER = com.bugraciftci.FoodRecipe;
				PRODUCT_NAME = "$(TARGET_NAME)";
				PROVISIONING_PROFILE_SPECIFIER = "";
				SWIFT_EMIT_LOC_STRINGS = YES;
				SWIFT_VERSION = 5.0;
				TARGETED_DEVICE_FAMILY = "1,2";
			};
			name = Debug;
		};
		1391DC592B74302600B754CF /* Release */ = {
			isa = XCBuildConfiguration;
			buildSettings = {
				ASSETCATALOG_COMPILER_APPICON_NAME = AppIcon;
				ASSETCATALOG_COMPILER_GLOBAL_ACCENT_COLOR_NAME = AccentColor;
				CODE_SIGN_IDENTITY = "Apple Development";
				CODE_SIGN_STYLE = Automatic;
				CURRENT_PROJECT_VERSION = 1;
				DEVELOPMENT_ASSET_PATHS = "\"FoodRecipe/Preview Content\"";
				DEVELOPMENT_TEAM = GZNL9S6FG9;
				ENABLE_PREVIEWS = YES;
				GENERATE_INFOPLIST_FILE = YES;
				INFOPLIST_KEY_UIApplicationSceneManifest_Generation = YES;
				INFOPLIST_KEY_UIApplicationSupportsIndirectInputEvents = YES;
				INFOPLIST_KEY_UILaunchScreen_Generation = YES;
				INFOPLIST_KEY_UISupportedInterfaceOrientations_iPad = "UIInterfaceOrientationPortrait UIInterfaceOrientationPortraitUpsideDown UIInterfaceOrientationLandscapeLeft UIInterfaceOrientationLandscapeRight";
				INFOPLIST_KEY_UISupportedInterfaceOrientations_iPhone = "UIInterfaceOrientationPortrait UIInterfaceOrientationLandscapeLeft UIInterfaceOrientationLandscapeRight";
				LD_RUNPATH_SEARCH_PATHS = (
					"$(inherited)",
					"@executable_path/Frameworks",
				);
				MARKETING_VERSION = 1.0;
				PRODUCT_BUNDLE_IDENTIFIER = com.bugraciftci.FoodRecipe;
				PRODUCT_NAME = "$(TARGET_NAME)";
				PROVISIONING_PROFILE_SPECIFIER = "";
				SWIFT_EMIT_LOC_STRINGS = YES;
				SWIFT_VERSION = 5.0;
				TARGETED_DEVICE_FAMILY = "1,2";
			};
			name = Release;
		};
/* End XCBuildConfiguration section */

/* Begin XCConfigurationList section */
		1391DC442B74302500B754CF /* Build configuration list for PBXProject "FoodRecipe" */ = {
			isa = XCConfigurationList;
			buildConfigurations = (
				1391DC552B74302600B754CF /* Debug */,
				1391DC562B74302600B754CF /* Release */,
			);
			defaultConfigurationIsVisible = 0;
			defaultConfigurationName = Release;
		};
		1391DC572B74302600B754CF /* Build configuration list for PBXNativeTarget "FoodRecipe" */ = {
			isa = XCConfigurationList;
			buildConfigurations = (
				1391DC582B74302600B754CF /* Debug */,
				1391DC592B74302600B754CF /* Release */,
			);
			defaultConfigurationIsVisible = 0;
			defaultConfigurationName = Release;
		};
/* End XCConfigurationList section */
	};
	rootObject = 1391DC412B74302500B754CF /* Project object */;
}
